
Microsoft Visual Studio Solution File, Format Version 12.00
# Visual Studio Version 16
VisualStudioVersion = 16.0.30907.101
MinimumVisualStudioVersion = 10.0.40219.1
Project("{FAE04EC0-301F-11D3-BF4B-00C04F79EFBC}") = "DZ2 Z2", "DZ2 Z2.csproj", "{A1B2D445-40A0-4C50-87E4-BF4FFD05EAF6}"
EndProject
Project("{FAE04EC0-301F-11D3-BF4B-00C04F79EFBC}") = "DZ2 Z1", "..\DZ2 Z1\DZ2 Z1.csproj", "{8AA5C7B5-9B98-4A82-9987-12803DB45F7D}"
EndProject
Global
	GlobalSection(SolutionConfigurationPlatforms) = preSolution
		Debug|Any CPU = Debug|Any CPU
		Release|Any CPU = Release|Any CPU
	EndGlobalSection
	GlobalSection(ProjectConfigurationPlatforms) = postSolution
		{A1B2D445-40A0-4C50-87E4-BF4FFD05EAF6}.Debug|Any CPU.ActiveCfg = Debug|Any CPU
		{A1B2D445-40A0-4C50-87E4-BF4FFD05EAF6}.Debug|Any CPU.Build.0 = Debug|Any CPU
		{A1B2D445-40A0-4C50-87E4-BF4FFD05EAF6}.Release|Any CPU.ActiveCfg = Release|Any CPU
		{A1B2D445-40A0-4C50-87E4-BF4FFD05EAF6}.Release|Any CPU.Build.0 = Release|Any CPU
		{8AA5C7B5-9B98-4A82-9987-12803DB45F7D}.Debug|Any CPU.ActiveCfg = Debug|Any CPU
		{8AA5C7B5-9B98-4A82-9987-12803DB45F7D}.Debug|Any CPU.Build.0 = Debug|Any CPU
		{8AA5C7B5-9B98-4A82-9987-12803DB45F7D}.Release|Any CPU.ActiveCfg = Release|Any CPU
		{8AA5C7B5-9B98-4A82-9987-12803DB45F7D}.Release|Any CPU.Build.0 = Release|Any CPU
	EndGlobalSection
	GlobalSection(SolutionProperties) = preSolution
		HideSolutionNode = FALSE
	EndGlobalSection
	GlobalSection(ExtensibilityGlobals) = postSolution
		SolutionGuid = {4815460C-5175-4EE3-8E45-D65A42F6EF8C}
	EndGlobalSection
EndGlobal
