
Microsoft Visual Studio Solution File, Format Version 12.00
# Visual Studio Version 16
VisualStudioVersion = 16.0.30907.101
MinimumVisualStudioVersion = 10.0.40219.1
Project("{FAE04EC0-301F-11D3-BF4B-00C04F79EFBC}") = "DZ5 Z3", "DZ5 Z3.csproj", "{2A3CE67C-8788-4884-A32E-9964A39FBD92}"
EndProject
Global
	GlobalSection(SolutionConfigurationPlatforms) = preSolution
		Debug|Any CPU = Debug|Any CPU
		Release|Any CPU = Release|Any CPU
	EndGlobalSection
	GlobalSection(ProjectConfigurationPlatforms) = postSolution
		{2A3CE67C-8788-4884-A32E-9964A39FBD92}.Debug|Any CPU.ActiveCfg = Debug|Any CPU
		{2A3CE67C-8788-4884-A32E-9964A39FBD92}.Debug|Any CPU.Build.0 = Debug|Any CPU
		{2A3CE67C-8788-4884-A32E-9964A39FBD92}.Release|Any CPU.ActiveCfg = Release|Any CPU
		{2A3CE67C-8788-4884-A32E-9964A39FBD92}.Release|Any CPU.Build.0 = Release|Any CPU
	EndGlobalSection
	GlobalSection(SolutionProperties) = preSolution
		HideSolutionNode = FALSE
	EndGlobalSection
	GlobalSection(ExtensibilityGlobals) = postSolution
		SolutionGuid = {24C226D1-F7E0-4610-B5D3-6B2049DC7483}
	EndGlobalSection
EndGlobal
